
Microsoft Visual Studio Solution File, Format Version 12.00
# Visual Studio 15
VisualStudioVersion = 15.0.27004.2009
MinimumVisualStudioVersion = 10.0.40219.1
Project("{9A19103F-16F7-4668-BE54-9A1E7A4F7556}") = "Patient.Tracker.API", "Patient.Tracker.API\Patient.Tracker.API.csproj", "{1960B195-D653-421A-B9D6-5F1DA626196D}"
EndProject
Project("{E53339B2-1760-4266-BCC7-CA923CBCF16C}") = "docker-compose", "Patient.Tracker.Docker\docker-compose.dcproj", "{7CB45CA3-A23C-4A58-965D-1C81FA28BC43}"
EndProject
Project("{9A19103F-16F7-4668-BE54-9A1E7A4F7556}") = "Patient.Tracker.DataAccess", "Patient.Tracker.DataAccess\Patient.Tracker.DataAccess.csproj", "{634F1838-C30A-499C-86F5-7775E20C3711}"
EndProject
Project("{9A19103F-16F7-4668-BE54-9A1E7A4F7556}") = "Patient.Tracker.Model", "Patient.Tracker.Model\Patient.Tracker.Model.csproj", "{941BF03D-07FB-44EB-84B2-AA2F60B6C3BB}"
EndProject
Global
	GlobalSection(SolutionConfigurationPlatforms) = preSolution
		Debug|Any CPU = Debug|Any CPU
		Release|Any CPU = Release|Any CPU
	EndGlobalSection
	GlobalSection(ProjectConfigurationPlatforms) = postSolution
		{1960B195-D653-421A-B9D6-5F1DA626196D}.Debug|Any CPU.ActiveCfg = Debug|Any CPU
		{1960B195-D653-421A-B9D6-5F1DA626196D}.Debug|Any CPU.Build.0 = Debug|Any CPU
		{1960B195-D653-421A-B9D6-5F1DA626196D}.Release|Any CPU.ActiveCfg = Release|Any CPU
		{1960B195-D653-421A-B9D6-5F1DA626196D}.Release|Any CPU.Build.0 = Release|Any CPU
		{7CB45CA3-A23C-4A58-965D-1C81FA28BC43}.Debug|Any CPU.ActiveCfg = Debug|Any CPU
		{7CB45CA3-A23C-4A58-965D-1C81FA28BC43}.Release|Any CPU.ActiveCfg = Release|Any CPU
		{7CB45CA3-A23C-4A58-965D-1C81FA28BC43}.Release|Any CPU.Build.0 = Release|Any CPU
		{634F1838-C30A-499C-86F5-7775E20C3711}.Debug|Any CPU.ActiveCfg = Debug|Any CPU
		{634F1838-C30A-499C-86F5-7775E20C3711}.Debug|Any CPU.Build.0 = Debug|Any CPU
		{634F1838-C30A-499C-86F5-7775E20C3711}.Release|Any CPU.ActiveCfg = Release|Any CPU
		{634F1838-C30A-499C-86F5-7775E20C3711}.Release|Any CPU.Build.0 = Release|Any CPU
		{941BF03D-07FB-44EB-84B2-AA2F60B6C3BB}.Debug|Any CPU.ActiveCfg = Debug|Any CPU
		{941BF03D-07FB-44EB-84B2-AA2F60B6C3BB}.Debug|Any CPU.Build.0 = Debug|Any CPU
		{941BF03D-07FB-44EB-84B2-AA2F60B6C3BB}.Release|Any CPU.ActiveCfg = Release|Any CPU
		{941BF03D-07FB-44EB-84B2-AA2F60B6C3BB}.Release|Any CPU.Build.0 = Release|Any CPU
	EndGlobalSection
	GlobalSection(SolutionProperties) = preSolution
		HideSolutionNode = FALSE
	EndGlobalSection
	GlobalSection(ExtensibilityGlobals) = postSolution
		SolutionGuid = {68CB31FE-4A0E-4F27-9231-A203915EA6B3}
	EndGlobalSection
EndGlobal
